
Microsoft Visual Studio Solution File, Format Version 12.00
# Visual Studio Version 17
VisualStudioVersion = 17.1.32328.378
MinimumVisualStudioVersion = 10.0.40219.1
Project("{9A19103F-16F7-4668-BE54-9A1E7A4F7556}") = "S-S-P", "S-S-P\S-S-P.csproj", "{77054AD3-4DD9-49A8-8150-07B50C4A64BC}"
EndProject
Project("{FAE04EC0-301F-11D3-BF4B-00C04F79EFBC}") = "UniTest", "UniTest\UniTest.csproj", "{CFD48195-8BF1-4E46-BEB5-392D86CDCC1D}"
EndProject
Global
	GlobalSection(SolutionConfigurationPlatforms) = preSolution
		Debug|Any CPU = Debug|Any CPU
		Release|Any CPU = Release|Any CPU
	EndGlobalSection
	GlobalSection(ProjectConfigurationPlatforms) = postSolution
		{77054AD3-4DD9-49A8-8150-07B50C4A64BC}.Debug|Any CPU.ActiveCfg = Debug|Any CPU
		{77054AD3-4DD9-49A8-8150-07B50C4A64BC}.Debug|Any CPU.Build.0 = Debug|Any CPU
		{77054AD3-4DD9-49A8-8150-07B50C4A64BC}.Release|Any CPU.ActiveCfg = Release|Any CPU
		{77054AD3-4DD9-49A8-8150-07B50C4A64BC}.Release|Any CPU.Build.0 = Release|Any CPU
		{CFD48195-8BF1-4E46-BEB5-392D86CDCC1D}.Debug|Any CPU.ActiveCfg = Debug|Any CPU
		{CFD48195-8BF1-4E46-BEB5-392D86CDCC1D}.Debug|Any CPU.Build.0 = Debug|Any CPU
		{CFD48195-8BF1-4E46-BEB5-392D86CDCC1D}.Release|Any CPU.ActiveCfg = Release|Any CPU
		{CFD48195-8BF1-4E46-BEB5-392D86CDCC1D}.Release|Any CPU.Build.0 = Release|Any CPU
	EndGlobalSection
	GlobalSection(SolutionProperties) = preSolution
		HideSolutionNode = FALSE
	EndGlobalSection
	GlobalSection(ExtensibilityGlobals) = postSolution
		SolutionGuid = {8C195AE4-6C3D-4B94-8FAA-F1F61A962D46}
	EndGlobalSection
EndGlobal
